
Microsoft Visual Studio Solution File, Format Version 12.00
# Visual Studio Version 17
VisualStudioVersion = 17.5.33414.496
MinimumVisualStudioVersion = 10.0.40219.1
Project("{FAE04EC0-301F-11D3-BF4B-00C04F79EFBC}") = "Desafio1", "Desafio1\Desafio1.csproj", "{F25C36D2-A027-4EDA-8D7E-52D18D609874}"
EndProject
Global
	GlobalSection(SolutionConfigurationPlatforms) = preSolution
		Debug|Any CPU = Debug|Any CPU
		Release|Any CPU = Release|Any CPU
	EndGlobalSection
	GlobalSection(ProjectConfigurationPlatforms) = postSolution
		{F25C36D2-A027-4EDA-8D7E-52D18D609874}.Debug|Any CPU.ActiveCfg = Debug|Any CPU
		{F25C36D2-A027-4EDA-8D7E-52D18D609874}.Debug|Any CPU.Build.0 = Debug|Any CPU
		{F25C36D2-A027-4EDA-8D7E-52D18D609874}.Release|Any CPU.ActiveCfg = Release|Any CPU
		{F25C36D2-A027-4EDA-8D7E-52D18D609874}.Release|Any CPU.Build.0 = Release|Any CPU
	EndGlobalSection
	GlobalSection(SolutionProperties) = preSolution
		HideSolutionNode = FALSE
	EndGlobalSection
	GlobalSection(ExtensibilityGlobals) = postSolution
		SolutionGuid = {50889B34-DD5F-468D-9FEA-F9F054CAD848}
	EndGlobalSection
EndGlobal
